{
  "name": "direct-web3js-good",
  "version": "1.0.0",
  "lockfileVersion": 3,
  "requires": true,
  "packages": {
    "": {
      "name": "direct-web3js-good",
      "version": "1.0.0",
      "dependencies": {
        "@solana-mobile/mobile-wallet-adapter-protocol-web3js": "2.3.0",
        "@solana/web3.js": "1.98.0",
        "expo": "53.0.0",
        "react": "19.0.0",
        "react-native": "0.79.2"
      }
    },
    "node_modules/@solana-mobile/mobile-wallet-adapter-protocol-web3js": {
      "version": "2.3.0",
      "resolved": "https://registry.npmjs.org/@solana-mobile/mobile-wallet-adapter-protocol-web3js/-/mobile-wallet-adapter-protocol-web3js-2.3.0.tgz",
      "license": "MIT"
    },
    "node_modules/@solana/web3.js": {
      "version": "1.98.0",
      "resolved": "https://registry.npmjs.org/@solana/web3.js/-/web3.js-1.98.0.tgz",
      "license": "MIT"
    },
    "node_modules/expo": {
      "version": "53.0.0",
      "resolved": "https://registry.npmjs.org/expo/-/expo-53.0.0.tgz",
      "license": "MIT"
    },
    "node_modules/react": {
      "version": "19.0.0",
      "resolved": "https://registry.npmjs.org/react/-/react-19.0.0.tgz",
      "license": "MIT"
    },
    "node_modules/react-native": {
      "version": "0.79.2",
      "resolved": "https://registry.npmjs.org/react-native/-/react-native-0.79.2.tgz",
      "license": "MIT"
    }
  }
}
