{
  "name": "kit-expo-go-only",
  "version": "1.0.0",
  "lockfileVersion": 3,
  "requires": true,
  "packages": {
    "": {
      "name": "kit-expo-go-only",
      "version": "1.0.0",
      "dependencies": {
        "@wallet-ui/react-native-kit": "4.3.0",
        "expo": "53.0.0",
        "react": "19.0.0",
        "react-native": "0.79.2",
        "react-native-quick-crypto": "0.7.14"
      }
    },
    "node_modules/@solana-mobile/mobile-wallet-adapter-protocol": {
      "version": "2.3.0",
      "resolved": "https://registry.npmjs.org/@solana-mobile/mobile-wallet-adapter-protocol/-/mobile-wallet-adapter-protocol-2.3.0.tgz",
      "license": "Apache-2.0"
    },
    "node_modules/@wallet-ui/react-native-kit": {
      "version": "4.3.0",
      "resolved": "https://registry.npmjs.org/@wallet-ui/react-native-kit/-/react-native-kit-4.3.0.tgz",
      "license": "MIT",
      "dependencies": {
        "@solana-mobile/mobile-wallet-adapter-protocol": "^2.3.0"
      }
    },
    "node_modules/expo": {
      "version": "53.0.0",
      "resolved": "https://registry.npmjs.org/expo/-/expo-53.0.0.tgz",
      "license": "MIT"
    },
    "node_modules/react": {
      "version": "19.0.0",
      "resolved": "https://registry.npmjs.org/react/-/react-19.0.0.tgz",
      "license": "MIT"
    },
    "node_modules/react-native": {
      "version": "0.79.2",
      "resolved": "https://registry.npmjs.org/react-native/-/react-native-0.79.2.tgz",
      "license": "MIT"
    },
    "node_modules/react-native-quick-crypto": {
      "version": "0.7.14",
      "resolved": "https://registry.npmjs.org/react-native-quick-crypto/-/react-native-quick-crypto-0.7.14.tgz",
      "license": "MIT"
    }
  }
}
